// !$*UTF8*$!
{
	archiveVersion = 1;
	classes = {
	};
	objectVersion = 77;
	objects = {

/* Begin PBXBuildFile section */
		FA3C724D2DFAA36A00535868 /* EBGaramond-Regular.ttf in Resources */ = {isa = PBXBuildFile; fileRef = FA6033742DD457F200CA4609 /* EBGaramond-Regular.ttf */; };
		FA3C724E2DFAA37000535868 /* EBGaramond-Bold.ttf in Resources */ = {isa = PBXBuildFile; fileRef = FA6033762DD457FD00CA4609 /* EBGaramond-Bold.ttf */; };
		FA3C724F2DFAA37400535868 /* EBGaramond-Italic.ttf in Resources */ = {isa = PBXBuildFile; fileRef = FA6033782DD4580900CA4609 /* EBGaramond-Italic.ttf */; };
		FA6033752DD457F200CA4609 /* EBGaramond-Regular.ttf in Resources */ = {isa = PBXBuildFile; fileRef = FA6033742DD457F200CA4609 /* EBGaramond-Regular.ttf */; };
		FA6033772DD457FD00CA4609 /* EBGaramond-Bold.ttf in Resources */ = {isa = PBXBuildFile; fileRef = FA6033762DD457FD00CA4609 /* EBGaramond-Bold.ttf */; };
		FA6033792DD4580900CA4609 /* EBGaramond-Italic.ttf in Resources */ = {isa = PBXBuildFile; fileRef = FA6033782DD4580900CA4609 /* EBGaramond-Italic.ttf */; };
		FA6033912DDEC08600CA4609 /* WidgetKit.framework in Frameworks */ = {isa = PBXBuildFile; fileRef = FA6033902DDEC08600CA4609 /* WidgetKit.framework */; };
		FA6033932DDEC08600CA4609 /* SwiftUI.framework in Frameworks */ = {isa = PBXBuildFile; fileRef = FA6033922DDEC08600CA4609 /* SwiftUI.framework */; };
		FA6033A22DDEC08800CA4609 /* TabbyJournalWidgetExtension.appex in Embed Foundation Extensions */ = {isa = PBXBuildFile; fileRef = FA60338E2DDEC08600CA4609 /* TabbyJournalWidgetExtension.appex */; settings = {ATTRIBUTES = (RemoveHeadersOnCopy, ); }; };
		FA6033AE2DE814FA00CA4609 /* LaunchScreen.storyboard in Resources */ = {isa = PBXBuildFile; fileRef = FA6033AD2DE814FA00CA4609 /* LaunchScreen.storyboard */; };
/* End PBXBuildFile section */

/* Begin PBXContainerItemProxy section */
		FA6032F52DCC74FD00CA4609 /* PBXContainerItemProxy */ = {
			isa = PBXContainerItemProxy;
			containerPortal = FA6032DE2DCC74FC00CA4609 /* Project object */;
			proxyType = 1;
			remoteGlobalIDString = FA6032E52DCC74FC00CA4609;
			remoteInfo = tabby.journal;
		};
		FA6032FF2DCC74FD00CA4609 /* PBXContainerItemProxy */ = {
			isa = PBXContainerItemProxy;
			containerPortal = FA6032DE2DCC74FC00CA4609 /* Project object */;
			proxyType = 1;
			remoteGlobalIDString = FA6032E52DCC74FC00CA4609;
			remoteInfo = tabby.journal;
		};
		FA6033A02DDEC08800CA4609 /* PBXContainerItemProxy */ = {
			isa = PBXContainerItemProxy;
			containerPortal = FA6032DE2DCC74FC00CA4609 /* Project object */;
			proxyType = 1;
			remoteGlobalIDString = FA60338D2DDEC08600CA4609;
			remoteInfo = TabbyJournalWidgetExtension;
		};
/* End PBXContainerItemProxy section */

/* Begin PBXCopyFilesBuildPhase section */
		FA6033A72DDEC08800CA4609 /* Embed Foundation Extensions */ = {
			isa = PBXCopyFilesBuildPhase;
			buildActionMask = 2147483647;
			dstPath = "";
			dstSubfolderSpec = 13;
			files = (
				FA6033A22DDEC08800CA4609 /* TabbyJournalWidgetExtension.appex in Embed Foundation Extensions */,
			);
			name = "Embed Foundation Extensions";
			runOnlyForDeploymentPostprocessing = 0;
		};
/* End PBXCopyFilesBuildPhase section */

/* Begin PBXFileReference section */
		FA6032E62DCC74FC00CA4609 /* tabby.journal.app */ = {isa = PBXFileReference; explicitFileType = wrapper.application; includeInIndex = 0; path = tabby.journal.app; sourceTree = BUILT_PRODUCTS_DIR; };
		FA6032F42DCC74FD00CA4609 /* tabby.journalTests.xctest */ = {isa = PBXFileReference; explicitFileType = wrapper.cfbundle; includeInIndex = 0; path = tabby.journalTests.xctest; sourceTree = BUILT_PRODUCTS_DIR; };
		FA6032FE2DCC74FD00CA4609 /* tabby.journalUITests.xctest */ = {isa = PBXFileReference; explicitFileType = wrapper.cfbundle; includeInIndex = 0; path = tabby.journalUITests.xctest; sourceTree = BUILT_PRODUCTS_DIR; };
		FA6033742DD457F200CA4609 /* EBGaramond-Regular.ttf */ = {isa = PBXFileReference; lastKnownFileType = file; path = "EBGaramond-Regular.ttf"; sourceTree = "<group>"; };
		FA6033762DD457FD00CA4609 /* EBGaramond-Bold.ttf */ = {isa = PBXFileReference; lastKnownFileType = file; path = "EBGaramond-Bold.ttf"; sourceTree = "<group>"; };
		FA6033782DD4580900CA4609 /* EBGaramond-Italic.ttf */ = {isa = PBXFileReference; lastKnownFileType = file; path = "EBGaramond-Italic.ttf"; sourceTree = "<group>"; };
		FA60338E2DDEC08600CA4609 /* TabbyJournalWidgetExtension.appex */ = {isa = PBXFileReference; explicitFileType = "wrapper.app-extension"; includeInIndex = 0; path = TabbyJournalWidgetExtension.appex; sourceTree = BUILT_PRODUCTS_DIR; };
		FA6033902DDEC08600CA4609 /* WidgetKit.framework */ = {isa = PBXFileReference; lastKnownFileType = wrapper.framework; name = WidgetKit.framework; path = System/Library/Frameworks/WidgetKit.framework; sourceTree = SDKROOT; };
		FA6033922DDEC08600CA4609 /* SwiftUI.framework */ = {isa = PBXFileReference; lastKnownFileType = wrapper.framework; name = SwiftUI.framework; path = System/Library/Frameworks/SwiftUI.framework; sourceTree = SDKROOT; };
		FA6033A82DDEC0FF00CA4609 /* TabbyJournalWidgetExtension.entitlements */ = {isa = PBXFileReference; lastKnownFileType = text.plist.entitlements; path = TabbyJournalWidgetExtension.entitlements; sourceTree = "<group>"; };
		FA6033AD2DE814FA00CA4609 /* LaunchScreen.storyboard */ = {isa = PBXFileReference; lastKnownFileType = file.storyboard; path = LaunchScreen.storyboard; sourceTree = "<group>"; };
/* End PBXFileReference section */

/* Begin PBXFileSystemSynchronizedBuildFileExceptionSet section */
		FA6033A32DDEC08800CA4609 /* Exceptions for "TabbyJournalWidget" folder in "TabbyJournalWidgetExtension" target */ = {
			isa = PBXFileSystemSynchronizedBuildFileExceptionSet;
			membershipExceptions = (
				Info.plist,
			);
			target = FA60338D2DDEC08600CA4609 /* TabbyJournalWidgetExtension */;
		};
/* End PBXFileSystemSynchronizedBuildFileExceptionSet section */

/* Begin PBXFileSystemSynchronizedRootGroup section */
		FA6032E82DCC74FC00CA4609 /* tabby.journal */ = {
			isa = PBXFileSystemSynchronizedRootGroup;
			path = tabby.journal;
			sourceTree = "<group>";
		};
		FA6032F72DCC74FD00CA4609 /* tabby.journalTests */ = {
			isa = PBXFileSystemSynchronizedRootGroup;
			path = tabby.journalTests;
			sourceTree = "<group>";
		};
		FA6033012DCC74FD00CA4609 /* tabby.journalUITests */ = {
			isa = PBXFileSystemSynchronizedRootGroup;
			path = tabby.journalUITests;
			sourceTree = "<group>";
		};
		FA6033942DDEC08600CA4609 /* TabbyJournalWidget */ = {
			isa = PBXFileSystemSynchronizedRootGroup;
			exceptions = (
				FA6033A32DDEC08800CA4609 /* Exceptions for "TabbyJournalWidget" folder in "TabbyJournalWidgetExtension" target */,
			);
			path = TabbyJournalWidget;
			sourceTree = "<group>";
		};
/* End PBXFileSystemSynchronizedRootGroup section */

/* Begin PBXFrameworksBuildPhase section */
		FA6032E32DCC74FC00CA4609 /* Frameworks */ = {
			isa = PBXFrameworksBuildPhase;
			buildActionMask = 2147483647;
			files = (
			);
			runOnlyForDeploymentPostprocessing = 0;
		};
		FA6032F12DCC74FD00CA4609 /* Frameworks */ = {
			isa = PBXFrameworksBuildPhase;
			buildActionMask = 2147483647;
			files = (
			);
			runOnlyForDeploymentPostprocessing = 0;
		};
		FA6032FB2DCC74FD00CA4609 /* Frameworks */ = {
			isa = PBXFrameworksBuildPhase;
			buildActionMask = 2147483647;
			files = (
			);
			runOnlyForDeploymentPostprocessing = 0;
		};
		FA60338B2DDEC08600CA4609 /* Frameworks */ = {
			isa = PBXFrameworksBuildPhase;
			buildActionMask = 2147483647;
			files = (
				FA6033932DDEC08600CA4609 /* SwiftUI.framework in Frameworks */,
				FA6033912DDEC08600CA4609 /* WidgetKit.framework in Frameworks */,
			);
			runOnlyForDeploymentPostprocessing = 0;
		};
/* End PBXFrameworksBuildPhase section */

/* Begin PBXGroup section */
		FA6032DD2DCC74FC00CA4609 = {
			isa = PBXGroup;
			children = (
				FA6033AD2DE814FA00CA4609 /* LaunchScreen.storyboard */,
				FA6033A82DDEC0FF00CA4609 /* TabbyJournalWidgetExtension.entitlements */,
				FA6032E82DCC74FC00CA4609 /* tabby.journal */,
				FA6032F72DCC74FD00CA4609 /* tabby.journalTests */,
				FA6033012DCC74FD00CA4609 /* tabby.journalUITests */,
				FA6033942DDEC08600CA4609 /* TabbyJournalWidget */,
				FA60338F2DDEC08600CA4609 /* Frameworks */,
				FA6032E72DCC74FC00CA4609 /* Products */,
				FA6033742DD457F200CA4609 /* EBGaramond-Regular.ttf */,
				FA6033762DD457FD00CA4609 /* EBGaramond-Bold.ttf */,
				FA6033782DD4580900CA4609 /* EBGaramond-Italic.ttf */,
			);
			sourceTree = "<group>";
		};
		FA6032E72DCC74FC00CA4609 /* Products */ = {
			isa = PBXGroup;
			children = (
				FA6032E62DCC74FC00CA4609 /* tabby.journal.app */,
				FA6032F42DCC74FD00CA4609 /* tabby.journalTests.xctest */,
				FA6032FE2DCC74FD00CA4609 /* tabby.journalUITests.xctest */,
				FA60338E2DDEC08600CA4609 /* TabbyJournalWidgetExtension.appex */,
			);
			name = Products;
			sourceTree = "<group>";
		};
		FA60338F2DDEC08600CA4609 /* Frameworks */ = {
			isa = PBXGroup;
			children = (
				FA6033902DDEC08600CA4609 /* WidgetKit.framework */,
				FA6033922DDEC08600CA4609 /* SwiftUI.framework */,
			);
			name = Frameworks;
			sourceTree = "<group>";
		};
/* End PBXGroup section */

/* Begin PBXNativeTarget section */
		FA6032E52DCC74FC00CA4609 /* tabby.journal */ = {
			isa = PBXNativeTarget;
			buildConfigurationList = FA6033082DCC74FD00CA4609 /* Build configuration list for PBXNativeTarget "tabby.journal" */;
			buildPhases = (
				FA6032E22DCC74FC00CA4609 /* Sources */,
				FA6032E32DCC74FC00CA4609 /* Frameworks */,
				FA6032E42DCC74FC00CA4609 /* Resources */,
				FA6033A72DDEC08800CA4609 /* Embed Foundation Extensions */,
			);
			buildRules = (
			);
			dependencies = (
				FA6033A12DDEC08800CA4609 /* PBXTargetDependency */,
			);
			fileSystemSynchronizedGroups = (
				FA6032E82DCC74FC00CA4609 /* tabby.journal */,
			);
			name = tabby.journal;
			packageProductDependencies = (
			);
			productName = tabby.journal;
			productReference = FA6032E62DCC74FC00CA4609 /* tabby.journal.app */;
			productType = "com.apple.product-type.application";
		};
		FA6032F32DCC74FD00CA4609 /* tabby.journalTests */ = {
			isa = PBXNativeTarget;
			buildConfigurationList = FA60330B2DCC74FD00CA4609 /* Build configuration list for PBXNativeTarget "tabby.journalTests" */;
			buildPhases = (
				FA6032F02DCC74FD00CA4609 /* Sources */,
				FA6032F12DCC74FD00CA4609 /* Frameworks */,
				FA6032F22DCC74FD00CA4609 /* Resources */,
			);
			buildRules = (
			);
			dependencies = (
				FA6032F62DCC74FD00CA4609 /* PBXTargetDependency */,
			);
			fileSystemSynchronizedGroups = (
				FA6032F72DCC74FD00CA4609 /* tabby.journalTests */,
			);
			name = tabby.journalTests;
			packageProductDependencies = (
			);
			productName = tabby.journalTests;
			productReference = FA6032F42DCC74FD00CA4609 /* tabby.journalTests.xctest */;
			productType = "com.apple.product-type.bundle.unit-test";
		};
		FA6032FD2DCC74FD00CA4609 /* tabby.journalUITests */ = {
			isa = PBXNativeTarget;
			buildConfigurationList = FA60330E2DCC74FD00CA4609 /* Build configuration list for PBXNativeTarget "tabby.journalUITests" */;
			buildPhases = (
				FA6032FA2DCC74FD00CA4609 /* Sources */,
				FA6032FB2DCC74FD00CA4609 /* Frameworks */,
				FA6032FC2DCC74FD00CA4609 /* Resources */,
			);
			buildRules = (
			);
			dependencies = (
				FA6033002DCC74FD00CA4609 /* PBXTargetDependency */,
			);
			fileSystemSynchronizedGroups = (
				FA6033012DCC74FD00CA4609 /* tabby.journalUITests */,
			);
			name = tabby.journalUITests;
			packageProductDependencies = (
			);
			productName = tabby.journalUITests;
			productReference = FA6032FE2DCC74FD00CA4609 /* tabby.journalUITests.xctest */;
			productType = "com.apple.product-type.bundle.ui-testing";
		};
		FA60338D2DDEC08600CA4609 /* TabbyJournalWidgetExtension */ = {
			isa = PBXNativeTarget;
			buildConfigurationList = FA6033A42DDEC08800CA4609 /* Build configuration list for PBXNativeTarget "TabbyJournalWidgetExtension" */;
			buildPhases = (
				FA60338A2DDEC08600CA4609 /* Sources */,
				FA60338B2DDEC08600CA4609 /* Frameworks */,
				FA60338C2DDEC08600CA4609 /* Resources */,
			);
			buildRules = (
			);
			dependencies = (
			);
			fileSystemSynchronizedGroups = (
				FA6033942DDEC08600CA4609 /* TabbyJournalWidget */,
			);
			name = TabbyJournalWidgetExtension;
			packageProductDependencies = (
			);
			productName = TabbyJournalWidgetExtension;
			productReference = FA60338E2DDEC08600CA4609 /* TabbyJournalWidgetExtension.appex */;
			productType = "com.apple.product-type.app-extension";
		};
/* End PBXNativeTarget section */

/* Begin PBXProject section */
		FA6032DE2DCC74FC00CA4609 /* Project object */ = {
			isa = PBXProject;
			attributes = {
				BuildIndependentTargetsInParallel = 1;
				LastSwiftUpdateCheck = 1630;
				LastUpgradeCheck = 1630;
				TargetAttributes = {
					FA6032E52DCC74FC00CA4609 = {
						CreatedOnToolsVersion = 16.3;
					};
					FA6032F32DCC74FD00CA4609 = {
						CreatedOnToolsVersion = 16.3;
						TestTargetID = FA6032E52DCC74FC00CA4609;
					};
					FA6032FD2DCC74FD00CA4609 = {
						CreatedOnToolsVersion = 16.3;
						TestTargetID = FA6032E52DCC74FC00CA4609;
					};
					FA60338D2DDEC08600CA4609 = {
						CreatedOnToolsVersion = 16.3;
					};
				};
			};
			buildConfigurationList = FA6032E12DCC74FC00CA4609 /* Build configuration list for PBXProject "tabby.journal" */;
			developmentRegion = en;
			hasScannedForEncodings = 0;
			knownRegions = (
				en,
				Base,
			);
			mainGroup = FA6032DD2DCC74FC00CA4609;
			minimizedProjectReferenceProxies = 1;
			preferredProjectObjectVersion = 77;
			productRefGroup = FA6032E72DCC74FC00CA4609 /* Products */;
			projectDirPath = "";
			projectRoot = "";
			targets = (
				FA6032E52DCC74FC00CA4609 /* tabby.journal */,
				FA6032F32DCC74FD00CA4609 /* tabby.journalTests */,
				FA6032FD2DCC74FD00CA4609 /* tabby.journalUITests */,
				FA60338D2DDEC08600CA4609 /* TabbyJournalWidgetExtension */,
			);
		};
/* End PBXProject section */

/* Begin PBXResourcesBuildPhase section */
		FA6032E42DCC74FC00CA4609 /* Resources */ = {
			isa = PBXResourcesBuildPhase;
			buildActionMask = 2147483647;
			files = (
				FA6033752DD457F200CA4609 /* EBGaramond-Regular.ttf in Resources */,
				FA6033772DD457FD00CA4609 /* EBGaramond-Bold.ttf in Resources */,
				FA6033792DD4580900CA4609 /* EBGaramond-Italic.ttf in Resources */,
				FA6033AE2DE814FA00CA4609 /* LaunchScreen.storyboard in Resources */,
			);
			runOnlyForDeploymentPostprocessing = 0;
		};
		FA6032F22DCC74FD00CA4609 /* Resources */ = {
			isa = PBXResourcesBuildPhase;
			buildActionMask = 2147483647;
			files = (
			);
			runOnlyForDeploymentPostprocessing = 0;
		};
		FA6032FC2DCC74FD00CA4609 /* Resources */ = {
			isa = PBXResourcesBuildPhase;
			buildActionMask = 2147483647;
			files = (
			);
			runOnlyForDeploymentPostprocessing = 0;
		};
		FA60338C2DDEC08600CA4609 /* Resources */ = {
			isa = PBXResourcesBuildPhase;
			buildActionMask = 2147483647;
			files = (
				FA3C724F2DFAA37400535868 /* EBGaramond-Italic.ttf in Resources */,
				FA3C724E2DFAA37000535868 /* EBGaramond-Bold.ttf in Resources */,
				FA3C724D2DFAA36A00535868 /* EBGaramond-Regular.ttf in Resources */,
			);
			runOnlyForDeploymentPostprocessing = 0;
		};
/* End PBXResourcesBuildPhase section */

/* Begin PBXSourcesBuildPhase section */
		FA6032E22DCC74FC00CA4609 /* Sources */ = {
			isa = PBXSourcesBuildPhase;
			buildActionMask = 2147483647;
			files = (
			);
			runOnlyForDeploymentPostprocessing = 0;
		};
		FA6032F02DCC74FD00CA4609 /* Sources */ = {
			isa = PBXSourcesBuildPhase;
			buildActionMask = 2147483647;
			files = (
			);
			runOnlyForDeploymentPostprocessing = 0;
		};
		FA6032FA2DCC74FD00CA4609 /* Sources */ = {
			isa = PBXSourcesBuildPhase;
			buildActionMask = 2147483647;
			files = (
			);
			runOnlyForDeploymentPostprocessing = 0;
		};
		FA60338A2DDEC08600CA4609 /* Sources */ = {
			isa = PBXSourcesBuildPhase;
			buildActionMask = 2147483647;
			files = (
			);
			runOnlyForDeploymentPostprocessing = 0;
		};
/* End PBXSourcesBuildPhase section */

/* Begin PBXTargetDependency section */
		FA6032F62DCC74FD00CA4609 /* PBXTargetDependency */ = {
			isa = PBXTargetDependency;
			target = FA6032E52DCC74FC00CA4609 /* tabby.journal */;
			targetProxy = FA6032F52DCC74FD00CA4609 /* PBXContainerItemProxy */;
		};
		FA6033002DCC74FD00CA4609 /* PBXTargetDependency */ = {
			isa = PBXTargetDependency;
			target = FA6032E52DCC74FC00CA4609 /* tabby.journal */;
			targetProxy = FA6032FF2DCC74FD00CA4609 /* PBXContainerItemProxy */;
		};
		FA6033A12DDEC08800CA4609 /* PBXTargetDependency */ = {
			isa = PBXTargetDependency;
			target = FA60338D2DDEC08600CA4609 /* TabbyJournalWidgetExtension */;
			targetProxy = FA6033A02DDEC08800CA4609 /* PBXContainerItemProxy */;
		};
/* End PBXTargetDependency section */

/* Begin XCBuildConfiguration section */
		FA6033062DCC74FD00CA4609 /* Debug */ = {
			isa = XCBuildConfiguration;
			buildSettings = {
				ALWAYS_SEARCH_USER_PATHS = NO;
				ASSETCATALOG_COMPILER_GENERATE_SWIFT_ASSET_SYMBOL_EXTENSIONS = YES;
				CLANG_ANALYZER_NONNULL = YES;
				CLANG_ANALYZER_NUMBER_OBJECT_CONVERSION = YES_AGGRESSIVE;
				CLANG_CXX_LANGUAGE_STANDARD = "gnu++20";
				CLANG_ENABLE_MODULES = YES;
				CLANG_ENABLE_OBJC_ARC = YES;
				CLANG_ENABLE_OBJC_WEAK = YES;
				CLANG_WARN_BLOCK_CAPTURE_AUTORELEASING = YES;
				CLANG_WARN_BOOL_CONVERSION = YES;
				CLANG_WARN_COMMA = YES;
				CLANG_WARN_CONSTANT_CONVERSION = YES;
				CLANG_WARN_DEPRECATED_OBJC_IMPLEMENTATIONS = YES;
				CLANG_WARN_DIRECT_OBJC_ISA_USAGE = YES_ERROR;
				CLANG_WARN_DOCUMENTATION_COMMENTS = YES;
				CLANG_WARN_EMPTY_BODY = YES;
				CLANG_WARN_ENUM_CONVERSION = YES;
				CLANG_WARN_INFINITE_RECURSION = YES;
				CLANG_WARN_INT_CONVERSION = YES;
				CLANG_WARN_NON_LITERAL_NULL_CONVERSION = YES;
				CLANG_WARN_OBJC_IMPLICIT_RETAIN_SELF = YES;
				CLANG_WARN_OBJC_LITERAL_CONVERSION = YES;
				CLANG_WARN_OBJC_ROOT_CLASS = YES_ERROR;
				CLANG_WARN_QUOTED_INCLUDE_IN_FRAMEWORK_HEADER = YES;
				CLANG_WARN_RANGE_LOOP_ANALYSIS = YES;
				CLANG_WARN_STRICT_PROTOTYPES = YES;
				CLANG_WARN_SUSPICIOUS_MOVE = YES;
				CLANG_WARN_UNGUARDED_AVAILABILITY = YES_AGGRESSIVE;
				CLANG_WARN_UNREACHABLE_CODE = YES;
				CLANG_WARN__DUPLICATE_METHOD_MATCH = YES;
				COPY_PHASE_STRIP = NO;
				DEBUG_INFORMATION_FORMAT = dwarf;
				ENABLE_STRICT_OBJC_MSGSEND = YES;
				ENABLE_TESTABILITY = YES;
				ENABLE_USER_SCRIPT_SANDBOXING = YES;
				GCC_C_LANGUAGE_STANDARD = gnu17;
				GCC_DYNAMIC_NO_PIC = NO;
				GCC_NO_COMMON_BLOCKS = YES;
				GCC_OPTIMIZATION_LEVEL = 0;
				GCC_PREPROCESSOR_DEFINITIONS = (
					"DEBUG=1",
					"$(inherited)",
				);
				GCC_WARN_64_TO_32_BIT_CONVERSION = YES;
				GCC_WARN_ABOUT_RETURN_TYPE = YES_ERROR;
				GCC_WARN_UNDECLARED_SELECTOR = YES;
				GCC_WARN_UNINITIALIZED_AUTOS = YES_AGGRESSIVE;
				GCC_WARN_UNUSED_FUNCTION = YES;
				GCC_WARN_UNUSED_VARIABLE = YES;
				LOCALIZATION_PREFERS_STRING_CATALOGS = YES;
				MTL_ENABLE_DEBUG_INFO = INCLUDE_SOURCE;
				MTL_FAST_MATH = YES;
				ONLY_ACTIVE_ARCH = YES;
				SWIFT_ACTIVE_COMPILATION_CONDITIONS = "DEBUG $(inherited)";
				SWIFT_OPTIMIZATION_LEVEL = "-Onone";
			};
			name = Debug;
		};
		FA6033072DCC74FD00CA4609 /* Release */ = {
			isa = XCBuildConfiguration;
			buildSettings = {
				ALWAYS_SEARCH_USER_PATHS = NO;
				ASSETCATALOG_COMPILER_GENERATE_SWIFT_ASSET_SYMBOL_EXTENSIONS = YES;
				CLANG_ANALYZER_NONNULL = YES;
				CLANG_ANALYZER_NUMBER_OBJECT_CONVERSION = YES_AGGRESSIVE;
				CLANG_CXX_LANGUAGE_STANDARD = "gnu++20";
				CLANG_ENABLE_MODULES = YES;
				CLANG_ENABLE_OBJC_ARC = YES;
				CLANG_ENABLE_OBJC_WEAK = YES;
				CLANG_WARN_BLOCK_CAPTURE_AUTORELEASING = YES;
				CLANG_WARN_BOOL_CONVERSION = YES;
				CLANG_WARN_COMMA = YES;
				CLANG_WARN_CONSTANT_CONVERSION = YES;
				CLANG_WARN_DEPRECATED_OBJC_IMPLEMENTATIONS = YES;
				CLANG_WARN_DIRECT_OBJC_ISA_USAGE = YES_ERROR;
				CLANG_WARN_DOCUMENTATION_COMMENTS = YES;
				CLANG_WARN_EMPTY_BODY = YES;
				CLANG_WARN_ENUM_CONVERSION = YES;
				CLANG_WARN_INFINITE_RECURSION = YES;
				CLANG_WARN_INT_CONVERSION = YES;
				CLANG_WARN_NON_LITERAL_NULL_CONVERSION = YES;
				CLANG_WARN_OBJC_IMPLICIT_RETAIN_SELF = YES;
				CLANG_WARN_OBJC_LITERAL_CONVERSION = YES;
				CLANG_WARN_OBJC_ROOT_CLASS = YES_ERROR;
				CLANG_WARN_QUOTED_INCLUDE_IN_FRAMEWORK_HEADER = YES;
				CLANG_WARN_RANGE_LOOP_ANALYSIS = YES;
				CLANG_WARN_STRICT_PROTOTYPES = YES;
				CLANG_WARN_SUSPICIOUS_MOVE = YES;
				CLANG_WARN_UNGUARDED_AVAILABILITY = YES_AGGRESSIVE;
				CLANG_WARN_UNREACHABLE_CODE = YES;
				CLANG_WARN__DUPLICATE_METHOD_MATCH = YES;
				COPY_PHASE_STRIP = NO;
				DEBUG_INFORMATION_FORMAT = "dwarf-with-dsym";
				ENABLE_NS_ASSERTIONS = NO;
				ENABLE_STRICT_OBJC_MSGSEND = YES;
				ENABLE_USER_SCRIPT_SANDBOXING = YES;
				GCC_C_LANGUAGE_STANDARD = gnu17;
				GCC_NO_COMMON_BLOCKS = YES;
				GCC_WARN_64_TO_32_BIT_CONVERSION = YES;
				GCC_WARN_ABOUT_RETURN_TYPE = YES_ERROR;
				GCC_WARN_UNDECLARED_SELECTOR = YES;
				GCC_WARN_UNINITIALIZED_AUTOS = YES_AGGRESSIVE;
				GCC_WARN_UNUSED_FUNCTION = YES;
				GCC_WARN_UNUSED_VARIABLE = YES;
				LOCALIZATION_PREFERS_STRING_CATALOGS = YES;
				MTL_ENABLE_DEBUG_INFO = NO;
				MTL_FAST_MATH = YES;
				SWIFT_COMPILATION_MODE = wholemodule;
			};
			name = Release;
		};
		FA6033092DCC74FD00CA4609 /* Debug */ = {
			isa = XCBuildConfiguration;
			buildSettings = {
				ASSETCATALOG_COMPILER_APPICON_NAME = AppIcon;
				ASSETCATALOG_COMPILER_GLOBAL_ACCENT_COLOR_NAME = AccentColor;
				CODE_SIGN_ENTITLEMENTS = tabby.journal/tabby_journal.entitlements;
				CODE_SIGN_STYLE = Automatic;
				CURRENT_PROJECT_VERSION = 1;
				DEVELOPMENT_TEAM = Z66ZQKZ29X;
				ENABLE_PREVIEWS = YES;
				GENERATE_INFOPLIST_FILE = YES;
				INFOPLIST_FILE = "tabby-journal-Info.plist";
				"INFOPLIST_KEY_UIApplicationSceneManifest_Generation[sdk=iphoneos*]" = YES;
				"INFOPLIST_KEY_UIApplicationSceneManifest_Generation[sdk=iphonesimulator*]" = YES;
				"INFOPLIST_KEY_UIApplicationSupportsIndirectInputEvents[sdk=iphoneos*]" = YES;
				"INFOPLIST_KEY_UIApplicationSupportsIndirectInputEvents[sdk=iphonesimulator*]" = YES;
				"INFOPLIST_KEY_UILaunchScreen_Generation[sdk=iphoneos*]" = YES;
				"INFOPLIST_KEY_UILaunchScreen_Generation[sdk=iphonesimulator*]" = YES;
				INFOPLIST_KEY_UILaunchStoryboardName = LaunchScreen;
				"INFOPLIST_KEY_UIStatusBarStyle[sdk=iphoneos*]" = UIStatusBarStyleDefault;
				"INFOPLIST_KEY_UIStatusBarStyle[sdk=iphonesimulator*]" = UIStatusBarStyleDefault;
				INFOPLIST_KEY_UISupportedInterfaceOrientations_iPad = "UIInterfaceOrientationPortrait UIInterfaceOrientationPortraitUpsideDown UIInterfaceOrientationLandscapeLeft UIInterfaceOrientationLandscapeRight";
				INFOPLIST_KEY_UISupportedInterfaceOrientations_iPhone = "UIInterfaceOrientationPortrait UIInterfaceOrientationLandscapeLeft UIInterfaceOrientationLandscapeRight";
				IPHONEOS_DEPLOYMENT_TARGET = 17.0;
				LD_RUNPATH_SEARCH_PATHS = "@executable_path/Frameworks";
				"LD_RUNPATH_SEARCH_PATHS[sdk=macosx*]" = "@executable_path/../Frameworks";
				MACOSX_DEPLOYMENT_TARGET = 15.4;
				MARKETING_VERSION = 1.0;
				PRODUCT_BUNDLE_IDENTIFIER = "com.zhouyaoxie.tabby-journal";
				PRODUCT_NAME = "$(TARGET_NAME)";
				REGISTER_APP_GROUPS = YES;
				SDKROOT = auto;
				SUPPORTED_PLATFORMS = "iphonesimulator iphoneos";
				SWIFT_EMIT_LOC_STRINGS = YES;
				SWIFT_VERSION = 5.0;
				TARGETED_DEVICE_FAMILY = 1;
				XROS_DEPLOYMENT_TARGET = 2.4;
			};
			name = Debug;
		};
		FA60330A2DCC74FD00CA4609 /* Release */ = {
			isa = XCBuildConfiguration;
			buildSettings = {
				ASSETCATALOG_COMPILER_APPICON_NAME = AppIcon;
				ASSETCATALOG_COMPILER_GLOBAL_ACCENT_COLOR_NAME = AccentColor;
				CODE_SIGN_ENTITLEMENTS = tabby.journal/tabby_journal.entitlements;
				CODE_SIGN_STYLE = Automatic;
				CURRENT_PROJECT_VERSION = 1;
				DEVELOPMENT_TEAM = Z66ZQKZ29X;
				ENABLE_PREVIEWS = YES;
				GENERATE_INFOPLIST_FILE = YES;
				INFOPLIST_FILE = "tabby-journal-Info.plist";
				"INFOPLIST_KEY_UIApplicationSceneManifest_Generation[sdk=iphoneos*]" = YES;
				"INFOPLIST_KEY_UIApplicationSceneManifest_Generation[sdk=iphonesimulator*]" = YES;
				"INFOPLIST_KEY_UIApplicationSupportsIndirectInputEvents[sdk=iphoneos*]" = YES;
				"INFOPLIST_KEY_UIApplicationSupportsIndirectInputEvents[sdk=iphonesimulator*]" = YES;
				"INFOPLIST_KEY_UILaunchScreen_Generation[sdk=iphoneos*]" = YES;
				"INFOPLIST_KEY_UILaunchScreen_Generation[sdk=iphonesimulator*]" = YES;
				INFOPLIST_KEY_UILaunchStoryboardName = LaunchScreen;
				"INFOPLIST_KEY_UIStatusBarStyle[sdk=iphoneos*]" = UIStatusBarStyleDefault;
				"INFOPLIST_KEY_UIStatusBarStyle[sdk=iphonesimulator*]" = UIStatusBarStyleDefault;
				INFOPLIST_KEY_UISupportedInterfaceOrientations_iPad = "UIInterfaceOrientationPortrait UIInterfaceOrientationPortraitUpsideDown UIInterfaceOrientationLandscapeLeft UIInterfaceOrientationLandscapeRight";
				INFOPLIST_KEY_UISupportedInterfaceOrientations_iPhone = "UIInterfaceOrientationPortrait UIInterfaceOrientationLandscapeLeft UIInterfaceOrientationLandscapeRight";
				IPHONEOS_DEPLOYMENT_TARGET = 17.0;
				LD_RUNPATH_SEARCH_PATHS = "@executable_path/Frameworks";
				"LD_RUNPATH_SEARCH_PATHS[sdk=macosx*]" = "@executable_path/../Frameworks";
				MACOSX_DEPLOYMENT_TARGET = 15.4;
				MARKETING_VERSION = 1.0;
				PRODUCT_BUNDLE_IDENTIFIER = "com.zhouyaoxie.tabby-journal";
				PRODUCT_NAME = "$(TARGET_NAME)";
				REGISTER_APP_GROUPS = YES;
				SDKROOT = auto;
				SUPPORTED_PLATFORMS = "iphonesimulator iphoneos";
				SWIFT_EMIT_LOC_STRINGS = YES;
				SWIFT_VERSION = 5.0;
				TARGETED_DEVICE_FAMILY = 1;
				XROS_DEPLOYMENT_TARGET = 2.4;
			};
			name = Release;
		};
		FA60330C2DCC74FD00CA4609 /* Debug */ = {
			isa = XCBuildConfiguration;
			buildSettings = {
				BUNDLE_LOADER = "$(TEST_HOST)";
				CODE_SIGN_STYLE = Automatic;
				CURRENT_PROJECT_VERSION = 1;
				DEVELOPMENT_TEAM = Z66ZQKZ29X;
				GENERATE_INFOPLIST_FILE = YES;
				IPHONEOS_DEPLOYMENT_TARGET = 18.4;
				MACOSX_DEPLOYMENT_TARGET = 15.4;
				MARKETING_VERSION = 1.0;
				PRODUCT_BUNDLE_IDENTIFIER = "com.zhouyaoxie.tabby-journalTests";
				PRODUCT_NAME = "$(TARGET_NAME)";
				SDKROOT = auto;
				SUPPORTED_PLATFORMS = "iphoneos iphonesimulator macosx xros xrsimulator";
				SWIFT_EMIT_LOC_STRINGS = NO;
				SWIFT_VERSION = 5.0;
				TARGETED_DEVICE_FAMILY = "1,2,7";
				TEST_HOST = "$(BUILT_PRODUCTS_DIR)/tabby.journal.app/$(BUNDLE_EXECUTABLE_FOLDER_PATH)/tabby.journal";
				XROS_DEPLOYMENT_TARGET = 2.4;
			};
			name = Debug;
		};
		FA60330D2DCC74FD00CA4609 /* Release */ = {
			isa = XCBuildConfiguration;
			buildSettings = {
				BUNDLE_LOADER = "$(TEST_HOST)";
				CODE_SIGN_STYLE = Automatic;
				CURRENT_PROJECT_VERSION = 1;
				DEVELOPMENT_TEAM = Z66ZQKZ29X;
				GENERATE_INFOPLIST_FILE = YES;
				IPHONEOS_DEPLOYMENT_TARGET = 18.4;
				MACOSX_DEPLOYMENT_TARGET = 15.4;
				MARKETING_VERSION = 1.0;
				PRODUCT_BUNDLE_IDENTIFIER = "com.zhouyaoxie.tabby-journalTests";
				PRODUCT_NAME = "$(TARGET_NAME)";
				SDKROOT = auto;
				SUPPORTED_PLATFORMS = "iphoneos iphonesimulator macosx xros xrsimulator";
				SWIFT_EMIT_LOC_STRINGS = NO;
				SWIFT_VERSION = 5.0;
				TARGETED_DEVICE_FAMILY = "1,2,7";
				TEST_HOST = "$(BUILT_PRODUCTS_DIR)/tabby.journal.app/$(BUNDLE_EXECUTABLE_FOLDER_PATH)/tabby.journal";
				XROS_DEPLOYMENT_TARGET = 2.4;
			};
			name = Release;
		};
		FA60330F2DCC74FD00CA4609 /* Debug */ = {
			isa = XCBuildConfiguration;
			buildSettings = {
				CODE_SIGN_STYLE = Automatic;
				CURRENT_PROJECT_VERSION = 1;
				DEVELOPMENT_TEAM = Z66ZQKZ29X;
				GENERATE_INFOPLIST_FILE = YES;
				IPHONEOS_DEPLOYMENT_TARGET = 18.4;
				MACOSX_DEPLOYMENT_TARGET = 15.4;
				MARKETING_VERSION = 1.0;
				PRODUCT_BUNDLE_IDENTIFIER = "com.zhouyaoxie.tabby-journalUITests";
				PRODUCT_NAME = "$(TARGET_NAME)";
				SDKROOT = auto;
				SUPPORTED_PLATFORMS = "iphoneos iphonesimulator macosx xros xrsimulator";
				SWIFT_EMIT_LOC_STRINGS = NO;
				SWIFT_VERSION = 5.0;
				TARGETED_DEVICE_FAMILY = "1,2,7";
				TEST_TARGET_NAME = tabby.journal;
				XROS_DEPLOYMENT_TARGET = 2.4;
			};
			name = Debug;
		};
		FA6033102DCC74FD00CA4609 /* Release */ = {
			isa = XCBuildConfiguration;
			buildSettings = {
				CODE_SIGN_STYLE = Automatic;
				CURRENT_PROJECT_VERSION = 1;
				DEVELOPMENT_TEAM = Z66ZQKZ29X;
				GENERATE_INFOPLIST_FILE = YES;
				IPHONEOS_DEPLOYMENT_TARGET = 18.4;
				MACOSX_DEPLOYMENT_TARGET = 15.4;
				MARKETING_VERSION = 1.0;
				PRODUCT_BUNDLE_IDENTIFIER = "com.zhouyaoxie.tabby-journalUITests";
				PRODUCT_NAME = "$(TARGET_NAME)";
				SDKROOT = auto;
				SUPPORTED_PLATFORMS = "iphoneos iphonesimulator macosx xros xrsimulator";
				SWIFT_EMIT_LOC_STRINGS = NO;
				SWIFT_VERSION = 5.0;
				TARGETED_DEVICE_FAMILY = "1,2,7";
				TEST_TARGET_NAME = tabby.journal;
				XROS_DEPLOYMENT_TARGET = 2.4;
			};
			name = Release;
		};
		FA6033A52DDEC08800CA4609 /* Debug */ = {
			isa = XCBuildConfiguration;
			buildSettings = {
				ASSETCATALOG_COMPILER_GLOBAL_ACCENT_COLOR_NAME = AccentColor;
				ASSETCATALOG_COMPILER_WIDGET_BACKGROUND_COLOR_NAME = WidgetBackground;
				CODE_SIGN_ENTITLEMENTS = TabbyJournalWidgetExtension.entitlements;
				CODE_SIGN_STYLE = Automatic;
				CURRENT_PROJECT_VERSION = 1;
				DEVELOPMENT_TEAM = Z66ZQKZ29X;
				GENERATE_INFOPLIST_FILE = YES;
				INFOPLIST_FILE = TabbyJournalWidget/Info.plist;
				INFOPLIST_KEY_CFBundleDisplayName = TabbyJournalWidget;
				INFOPLIST_KEY_NSHumanReadableCopyright = "";
				IPHONEOS_DEPLOYMENT_TARGET = 17.0;
				LD_RUNPATH_SEARCH_PATHS = (
					"$(inherited)",
					"@executable_path/Frameworks",
					"@executable_path/../../Frameworks",
				);
				MARKETING_VERSION = 1.0;
				PRODUCT_BUNDLE_IDENTIFIER = "com.zhouyaoxie.tabby-journal.TabbyJournalWidget";
				PRODUCT_NAME = "$(TARGET_NAME)";
				SDKROOT = iphoneos;
				SKIP_INSTALL = YES;
				SUPPORTED_PLATFORMS = "iphoneos iphonesimulator";
				SUPPORTS_MACCATALYST = NO;
				SUPPORTS_MAC_DESIGNED_FOR_IPHONE_IPAD = NO;
				SUPPORTS_XR_DESIGNED_FOR_IPHONE_IPAD = NO;
				SWIFT_EMIT_LOC_STRINGS = YES;
				SWIFT_VERSION = 5.0;
				TARGETED_DEVICE_FAMILY = 1;
			};
			name = Debug;
		};
		FA6033A62DDEC08800CA4609 /* Release */ = {
			isa = XCBuildConfiguration;
			buildSettings = {
				ASSETCATALOG_COMPILER_GLOBAL_ACCENT_COLOR_NAME = AccentColor;
				ASSETCATALOG_COMPILER_WIDGET_BACKGROUND_COLOR_NAME = WidgetBackground;
				CODE_SIGN_ENTITLEMENTS = TabbyJournalWidgetExtension.entitlements;
				CODE_SIGN_STYLE = Automatic;
				CURRENT_PROJECT_VERSION = 1;
				DEVELOPMENT_TEAM = Z66ZQKZ29X;
				GENERATE_INFOPLIST_FILE = YES;
				INFOPLIST_FILE = TabbyJournalWidget/Info.plist;
				INFOPLIST_KEY_CFBundleDisplayName = TabbyJournalWidget;
				INFOPLIST_KEY_NSHumanReadableCopyright = "";
				IPHONEOS_DEPLOYMENT_TARGET = 17.0;
				LD_RUNPATH_SEARCH_PATHS = (
					"$(inherited)",
					"@executable_path/Frameworks",
					"@executable_path/../../Frameworks",
				);
				MARKETING_VERSION = 1.0;
				PRODUCT_BUNDLE_IDENTIFIER = "com.zhouyaoxie.tabby-journal.TabbyJournalWidget";
				PRODUCT_NAME = "$(TARGET_NAME)";
				SDKROOT = iphoneos;
				SKIP_INSTALL = YES;
				SUPPORTED_PLATFORMS = "iphoneos iphonesimulator";
				SUPPORTS_MACCATALYST = NO;
				SUPPORTS_MAC_DESIGNED_FOR_IPHONE_IPAD = NO;
				SUPPORTS_XR_DESIGNED_FOR_IPHONE_IPAD = NO;
				SWIFT_EMIT_LOC_STRINGS = YES;
				SWIFT_VERSION = 5.0;
				TARGETED_DEVICE_FAMILY = 1;
				VALIDATE_PRODUCT = YES;
			};
			name = Release;
		};
/* End XCBuildConfiguration section */

/* Begin XCConfigurationList section */
		FA6032E12DCC74FC00CA4609 /* Build configuration list for PBXProject "tabby.journal" */ = {
			isa = XCConfigurationList;
			buildConfigurations = (
				FA6033062DCC74FD00CA4609 /* Debug */,
				FA6033072DCC74FD00CA4609 /* Release */,
			);
			defaultConfigurationIsVisible = 0;
			defaultConfigurationName = Release;
		};
		FA6033082DCC74FD00CA4609 /* Build configuration list for PBXNativeTarget "tabby.journal" */ = {
			isa = XCConfigurationList;
			buildConfigurations = (
				FA6033092DCC74FD00CA4609 /* Debug */,
				FA60330A2DCC74FD00CA4609 /* Release */,
			);
			defaultConfigurationIsVisible = 0;
			defaultConfigurationName = Release;
		};
		FA60330B2DCC74FD00CA4609 /* Build configuration list for PBXNativeTarget "tabby.journalTests" */ = {
			isa = XCConfigurationList;
			buildConfigurations = (
				FA60330C2DCC74FD00CA4609 /* Debug */,
				FA60330D2DCC74FD00CA4609 /* Release */,
			);
			defaultConfigurationIsVisible = 0;
			defaultConfigurationName = Release;
		};
		FA60330E2DCC74FD00CA4609 /* Build configuration list for PBXNativeTarget "tabby.journalUITests" */ = {
			isa = XCConfigurationList;
			buildConfigurations = (
				FA60330F2DCC74FD00CA4609 /* Debug */,
				FA6033102DCC74FD00CA4609 /* Release */,
			);
			defaultConfigurationIsVisible = 0;
			defaultConfigurationName = Release;
		};
		FA6033A42DDEC08800CA4609 /* Build configuration list for PBXNativeTarget "TabbyJournalWidgetExtension" */ = {
			isa = XCConfigurationList;
			buildConfigurations = (
				FA6033A52DDEC08800CA4609 /* Debug */,
				FA6033A62DDEC08800CA4609 /* Release */,
			);
			defaultConfigurationIsVisible = 0;
			defaultConfigurationName = Release;
		};
/* End XCConfigurationList section */
	};
	rootObject = FA6032DE2DCC74FC00CA4609 /* Project object */;
}
